// !$*UTF8*$!
{
	archiveVersion = 1;
	classes = {
	};
	objectVersion = 56;
	objects = {

/* Begin PBXBuildFile section */
		0310D157299F9D1F003C9F81 /* DummyViewController.swift in Sources */ = {isa = PBXBuildFile; fileRef = 0310D156299F9D1F003C9F81 /* DummyViewController.swift */; };
		0310D15A299FAFC6003C9F81 /* UserDefaultsService.swift in Sources */ = {isa = PBXBuildFile; fileRef = 0310D159299FAFC6003C9F81 /* UserDefaultsService.swift */; };
		03FE22D5299A28FE00AC5AA5 /* AppDelegate.swift in Sources */ = {isa = PBXBuildFile; fileRef = 03FE22D4299A28FE00AC5AA5 /* AppDelegate.swift */; };
		03FE22D9299A28FE00AC5AA5 /* LoginViewController.swift in Sources */ = {isa = PBXBuildFile; fileRef = 03FE22D8299A28FE00AC5AA5 /* LoginViewController.swift */; };
		03FE22DE299A28FF00AC5AA5 /* Assets.xcassets in Resources */ = {isa = PBXBuildFile; fileRef = 03FE22DD299A28FF00AC5AA5 /* Assets.xcassets */; };
		03FE22E1299A28FF00AC5AA5 /* LaunchScreen.storyboard in Resources */ = {isa = PBXBuildFile; fileRef = 03FE22DF299A28FF00AC5AA5 /* LaunchScreen.storyboard */; };
		03FE22EC299A2C6100AC5AA5 /* LoginView.swift in Sources */ = {isa = PBXBuildFile; fileRef = 03FE22EB299A2C6000AC5AA5 /* LoginView.swift */; };
		03FE22EF299A2DB200AC5AA5 /* Styled.swift in Sources */ = {isa = PBXBuildFile; fileRef = 03FE22EE299A2DB200AC5AA5 /* Styled.swift */; };
		03FE22F2299A62F300AC5AA5 /* TitleAndSubtitleView.swift in Sources */ = {isa = PBXBuildFile; fileRef = 03FE22F1299A62F300AC5AA5 /* TitleAndSubtitleView.swift */; };
		03FE22F5299A72FE00AC5AA5 /* OnboardingContainerViewController.swift in Sources */ = {isa = PBXBuildFile; fileRef = 03FE22F4299A72FE00AC5AA5 /* OnboardingContainerViewController.swift */; };
		03FE22F7299A742D00AC5AA5 /* OnboardingViewController.swift in Sources */ = {isa = PBXBuildFile; fileRef = 03FE22F6299A742D00AC5AA5 /* OnboardingViewController.swift */; };
		F930C47F29A4FA2700AA7D8C /* AccountSummaryCellViewModel.swift in Sources */ = {isa = PBXBuildFile; fileRef = F930C47E29A4FA2700AA7D8C /* AccountSummaryCellViewModel.swift */; };
		F930C48229A4FF3500AA7D8C /* StringFormatter.swift in Sources */ = {isa = PBXBuildFile; fileRef = F930C48129A4FF3500AA7D8C /* StringFormatter.swift */; };
		F930C48429A4FFEE00AA7D8C /* DecimalUtil.swift in Sources */ = {isa = PBXBuildFile; fileRef = F930C48329A4FFEE00AA7D8C /* DecimalUtil.swift */; };
		F930C48629A5001F00AA7D8C /* CurrencyFormatter.swift in Sources */ = {isa = PBXBuildFile; fileRef = F930C48529A5001F00AA7D8C /* CurrencyFormatter.swift */; };
		F97EFAE729A4AC0200FDB410 /* UIViewController+Utils.swift in Sources */ = {isa = PBXBuildFile; fileRef = F97EFAE629A4AC0200FDB410 /* UIViewController+Utils.swift */; };
		F97EFAE929A4AD3300FDB410 /* MainViewController.swift in Sources */ = {isa = PBXBuildFile; fileRef = F97EFAE829A4AD3300FDB410 /* MainViewController.swift */; };
		F97EFAED29A4AE5200FDB410 /* AccountSummaryViewController.swift in Sources */ = {isa = PBXBuildFile; fileRef = F97EFAEC29A4AE5200FDB410 /* AccountSummaryViewController.swift */; };
		F97EFAF129A4AF3C00FDB410 /* MoreViewController.swift in Sources */ = {isa = PBXBuildFile; fileRef = F97EFAF029A4AF3C00FDB410 /* MoreViewController.swift */; };
		F97EFAF329A4AF4700FDB410 /* MoveMoneyViewController.swift in Sources */ = {isa = PBXBuildFile; fileRef = F97EFAF229A4AF4700FDB410 /* MoveMoneyViewController.swift */; };
		F97EFAF729A4D82100FDB410 /* UIView+Utils.swift in Sources */ = {isa = PBXBuildFile; fileRef = F97EFAF629A4D82100FDB410 /* UIView+Utils.swift */; };
		F97EFAF929A4DA7C00FDB410 /* AccountSummaryHeaderView.swift in Sources */ = {isa = PBXBuildFile; fileRef = F97EFAF829A4DA7C00FDB410 /* AccountSummaryHeaderView.swift */; };
		F97EFAFC29A4DAA600FDB410 /* AccountSummaryHeaderView.xib in Resources */ = {isa = PBXBuildFile; fileRef = F97EFAFB29A4DAA600FDB410 /* AccountSummaryHeaderView.xib */; };
		F97EFAFE29A4E49600FDB410 /* AccountSummaryCell.swift in Sources */ = {isa = PBXBuildFile; fileRef = F97EFAFD29A4E49600FDB410 /* AccountSummaryCell.swift */; };
/* End PBXBuildFile section */

/* Begin PBXFileReference section */
		0310D156299F9D1F003C9F81 /* DummyViewController.swift */ = {isa = PBXFileReference; lastKnownFileType = sourcecode.swift; path = DummyViewController.swift; sourceTree = "<group>"; };
		0310D159299FAFC6003C9F81 /* UserDefaultsService.swift */ = {isa = PBXFileReference; lastKnownFileType = sourcecode.swift; path = UserDefaultsService.swift; sourceTree = "<group>"; };
		03FE22D1299A28FE00AC5AA5 /* Bankey.app */ = {isa = PBXFileReference; explicitFileType = wrapper.application; includeInIndex = 0; path = Bankey.app; sourceTree = BUILT_PRODUCTS_DIR; };
		03FE22D4299A28FE00AC5AA5 /* AppDelegate.swift */ = {isa = PBXFileReference; lastKnownFileType = sourcecode.swift; path = AppDelegate.swift; sourceTree = "<group>"; };
		03FE22D8299A28FE00AC5AA5 /* LoginViewController.swift */ = {isa = PBXFileReference; lastKnownFileType = sourcecode.swift; path = LoginViewController.swift; sourceTree = "<group>"; };
		03FE22DD299A28FF00AC5AA5 /* Assets.xcassets */ = {isa = PBXFileReference; lastKnownFileType = folder.assetcatalog; path = Assets.xcassets; sourceTree = "<group>"; };
		03FE22E0299A28FF00AC5AA5 /* Base */ = {isa = PBXFileReference; lastKnownFileType = file.storyboard; name = Base; path = Base.lproj/LaunchScreen.storyboard; sourceTree = "<group>"; };
		03FE22E2299A28FF00AC5AA5 /* Info.plist */ = {isa = PBXFileReference; lastKnownFileType = text.plist.xml; path = Info.plist; sourceTree = "<group>"; };
		03FE22EB299A2C6000AC5AA5 /* LoginView.swift */ = {isa = PBXFileReference; lastKnownFileType = sourcecode.swift; path = LoginView.swift; sourceTree = "<group>"; };
		03FE22EE299A2DB200AC5AA5 /* Styled.swift */ = {isa = PBXFileReference; lastKnownFileType = sourcecode.swift; path = Styled.swift; sourceTree = "<group>"; };
		03FE22F1299A62F300AC5AA5 /* TitleAndSubtitleView.swift */ = {isa = PBXFileReference; lastKnownFileType = sourcecode.swift; path = TitleAndSubtitleView.swift; sourceTree = "<group>"; };
		03FE22F4299A72FE00AC5AA5 /* OnboardingContainerViewController.swift */ = {isa = PBXFileReference; lastKnownFileType = sourcecode.swift; path = OnboardingContainerViewController.swift; sourceTree = "<group>"; };
		03FE22F6299A742D00AC5AA5 /* OnboardingViewController.swift */ = {isa = PBXFileReference; lastKnownFileType = sourcecode.swift; path = OnboardingViewController.swift; sourceTree = "<group>"; };
		F930C47E29A4FA2700AA7D8C /* AccountSummaryCellViewModel.swift */ = {isa = PBXFileReference; lastKnownFileType = sourcecode.swift; path = AccountSummaryCellViewModel.swift; sourceTree = "<group>"; };
		F930C48129A4FF3500AA7D8C /* StringFormatter.swift */ = {isa = PBXFileReference; lastKnownFileType = sourcecode.swift; path = StringFormatter.swift; sourceTree = "<group>"; };
		F930C48329A4FFEE00AA7D8C /* DecimalUtil.swift */ = {isa = PBXFileReference; lastKnownFileType = sourcecode.swift; path = DecimalUtil.swift; sourceTree = "<group>"; };
		F930C48529A5001F00AA7D8C /* CurrencyFormatter.swift */ = {isa = PBXFileReference; lastKnownFileType = sourcecode.swift; path = CurrencyFormatter.swift; sourceTree = "<group>"; };
		F97EFAE629A4AC0200FDB410 /* UIViewController+Utils.swift */ = {isa = PBXFileReference; lastKnownFileType = sourcecode.swift; path = "UIViewController+Utils.swift"; sourceTree = "<group>"; };
		F97EFAE829A4AD3300FDB410 /* MainViewController.swift */ = {isa = PBXFileReference; lastKnownFileType = sourcecode.swift; path = MainViewController.swift; sourceTree = "<group>"; };
		F97EFAEC29A4AE5200FDB410 /* AccountSummaryViewController.swift */ = {isa = PBXFileReference; lastKnownFileType = sourcecode.swift; path = AccountSummaryViewController.swift; sourceTree = "<group>"; };
		F97EFAF029A4AF3C00FDB410 /* MoreViewController.swift */ = {isa = PBXFileReference; lastKnownFileType = sourcecode.swift; path = MoreViewController.swift; sourceTree = "<group>"; };
		F97EFAF229A4AF4700FDB410 /* MoveMoneyViewController.swift */ = {isa = PBXFileReference; lastKnownFileType = sourcecode.swift; path = MoveMoneyViewController.swift; sourceTree = "<group>"; };
		F97EFAF629A4D82100FDB410 /* UIView+Utils.swift */ = {isa = PBXFileReference; lastKnownFileType = sourcecode.swift; path = "UIView+Utils.swift"; sourceTree = "<group>"; };
		F97EFAF829A4DA7C00FDB410 /* AccountSummaryHeaderView.swift */ = {isa = PBXFileReference; lastKnownFileType = sourcecode.swift; path = AccountSummaryHeaderView.swift; sourceTree = "<group>"; };
		F97EFAFB29A4DAA600FDB410 /* AccountSummaryHeaderView.xib */ = {isa = PBXFileReference; lastKnownFileType = file.xib; path = AccountSummaryHeaderView.xib; sourceTree = "<group>"; };
		F97EFAFD29A4E49600FDB410 /* AccountSummaryCell.swift */ = {isa = PBXFileReference; lastKnownFileType = sourcecode.swift; path = AccountSummaryCell.swift; sourceTree = "<group>"; };
/* End PBXFileReference section */

/* Begin PBXFrameworksBuildPhase section */
		03FE22CE299A28FE00AC5AA5 /* Frameworks */ = {
			isa = PBXFrameworksBuildPhase;
			buildActionMask = 2147483647;
			files = (
			);
			runOnlyForDeploymentPostprocessing = 0;
		};
/* End PBXFrameworksBuildPhase section */

/* Begin PBXGroup section */
		0310D158299FAFB6003C9F81 /* Services */ = {
			isa = PBXGroup;
			children = (
				0310D159299FAFC6003C9F81 /* UserDefaultsService.swift */,
			);
			name = Services;
			sourceTree = "<group>";
		};
		03FE22C8299A28FE00AC5AA5 = {
			isa = PBXGroup;
			children = (
				03FE22D3299A28FE00AC5AA5 /* Bankey */,
				03FE22D2299A28FE00AC5AA5 /* Products */,
			);
			sourceTree = "<group>";
		};
		03FE22D2299A28FE00AC5AA5 /* Products */ = {
			isa = PBXGroup;
			children = (
				03FE22D1299A28FE00AC5AA5 /* Bankey.app */,
			);
			name = Products;
			sourceTree = "<group>";
		};
		03FE22D3299A28FE00AC5AA5 /* Bankey */ = {
			isa = PBXGroup;
			children = (
				03FE22D4299A28FE00AC5AA5 /* AppDelegate.swift */,
				F97EFAEA29A4AE2600FDB410 /* Views */,
				0310D158299FAFB6003C9F81 /* Services */,
				03FE22F0299A62DE00AC5AA5 /* ReusableComponents */,
				03FE22ED299A2D8900AC5AA5 /* ViewProtocols */,
				03FE22E9299A2C2400AC5AA5 /* Misc */,
				F97EFAE829A4AD3300FDB410 /* MainViewController.swift */,
			);
			path = Bankey;
			sourceTree = "<group>";
		};
		03FE22E9299A2C2400AC5AA5 /* Misc */ = {
			isa = PBXGroup;
			children = (
				F930C48029A4FF2B00AA7D8C /* Util */,
				F97EFAF529A4D81100FDB410 /* Extensions */,
				F97EFAF429A4D7FB00FDB410 /* Sample */,
			);
			name = Misc;
			sourceTree = "<group>";
		};
		03FE22EA299A2C3600AC5AA5 /* Login */ = {
			isa = PBXGroup;
			children = (
				03FE22D8299A28FE00AC5AA5 /* LoginViewController.swift */,
				03FE22EB299A2C6000AC5AA5 /* LoginView.swift */,
				0310D156299F9D1F003C9F81 /* DummyViewController.swift */,
			);
			name = Login;
			sourceTree = "<group>";
		};
		03FE22ED299A2D8900AC5AA5 /* ViewProtocols */ = {
			isa = PBXGroup;
			children = (
				03FE22EE299A2DB200AC5AA5 /* Styled.swift */,
			);
			name = ViewProtocols;
			sourceTree = "<group>";
		};
		03FE22F0299A62DE00AC5AA5 /* ReusableComponents */ = {
			isa = PBXGroup;
			children = (
				03FE22F1299A62F300AC5AA5 /* TitleAndSubtitleView.swift */,
			);
			name = ReusableComponents;
			sourceTree = "<group>";
		};
		03FE22F3299A72DA00AC5AA5 /* Onboarding */ = {
			isa = PBXGroup;
			children = (
				03FE22F4299A72FE00AC5AA5 /* OnboardingContainerViewController.swift */,
				03FE22F6299A742D00AC5AA5 /* OnboardingViewController.swift */,
			);
			name = Onboarding;
			sourceTree = "<group>";
		};
		F930C48029A4FF2B00AA7D8C /* Util */ = {
			isa = PBXGroup;
			children = (
				F930C48129A4FF3500AA7D8C /* StringFormatter.swift */,
				F930C48329A4FFEE00AA7D8C /* DecimalUtil.swift */,
				F930C48529A5001F00AA7D8C /* CurrencyFormatter.swift */,
			);
			name = Util;
			sourceTree = "<group>";
		};
		F97EFAEA29A4AE2600FDB410 /* Views */ = {
			isa = PBXGroup;
			children = (
				03FE22EA299A2C3600AC5AA5 /* Login */,
				03FE22F3299A72DA00AC5AA5 /* Onboarding */,
				F97EFAEB29A4AE3C00FDB410 /* AccountSummary */,
				F97EFAEE29A4AF2000FDB410 /* MoveMoney */,
				F97EFAEF29A4AF2F00FDB410 /* More */,
			);
			name = Views;
			sourceTree = "<group>";
		};
		F97EFAEB29A4AE3C00FDB410 /* AccountSummary */ = {
			isa = PBXGroup;
			children = (
				F97EFB0029A4E85C00FDB410 /* Cells */,
				F97EFAFF29A4E84900FDB410 /* Header */,
				F97EFAEC29A4AE5200FDB410 /* AccountSummaryViewController.swift */,
			);
			name = AccountSummary;
			sourceTree = "<group>";
		};
		F97EFAEE29A4AF2000FDB410 /* MoveMoney */ = {
			isa = PBXGroup;
			children = (
				F97EFAF229A4AF4700FDB410 /* MoveMoneyViewController.swift */,
			);
			name = MoveMoney;
			sourceTree = "<group>";
		};
		F97EFAEF29A4AF2F00FDB410 /* More */ = {
			isa = PBXGroup;
			children = (
				F97EFAF029A4AF3C00FDB410 /* MoreViewController.swift */,
			);
			name = More;
			sourceTree = "<group>";
		};
		F97EFAF429A4D7FB00FDB410 /* Sample */ = {
			isa = PBXGroup;
			children = (
				03FE22DD299A28FF00AC5AA5 /* Assets.xcassets */,
				03FE22DF299A28FF00AC5AA5 /* LaunchScreen.storyboard */,
				03FE22E2299A28FF00AC5AA5 /* Info.plist */,
			);
			name = Sample;
			sourceTree = "<group>";
		};
		F97EFAF529A4D81100FDB410 /* Extensions */ = {
			isa = PBXGroup;
			children = (
				F97EFAE629A4AC0200FDB410 /* UIViewController+Utils.swift */,
				F97EFAF629A4D82100FDB410 /* UIView+Utils.swift */,
			);
			name = Extensions;
			sourceTree = "<group>";
		};
		F97EFAFF29A4E84900FDB410 /* Header */ = {
			isa = PBXGroup;
			children = (
				F97EFAF829A4DA7C00FDB410 /* AccountSummaryHeaderView.swift */,
				F97EFAFB29A4DAA600FDB410 /* AccountSummaryHeaderView.xib */,
			);
			name = Header;
			sourceTree = "<group>";
		};
		F97EFB0029A4E85C00FDB410 /* Cells */ = {
			isa = PBXGroup;
			children = (
				F97EFAFD29A4E49600FDB410 /* AccountSummaryCell.swift */,
				F930C47E29A4FA2700AA7D8C /* AccountSummaryCellViewModel.swift */,
			);
			name = Cells;
			sourceTree = "<group>";
		};
/* End PBXGroup section */

/* Begin PBXNativeTarget section */
		03FE22D0299A28FE00AC5AA5 /* Bankey */ = {
			isa = PBXNativeTarget;
			buildConfigurationList = 03FE22E5299A28FF00AC5AA5 /* Build configuration list for PBXNativeTarget "Bankey" */;
			buildPhases = (
				03FE22CD299A28FE00AC5AA5 /* Sources */,
				03FE22CE299A28FE00AC5AA5 /* Frameworks */,
				03FE22CF299A28FE00AC5AA5 /* Resources */,
			);
			buildRules = (
			);
			dependencies = (
			);
			name = Bankey;
			productName = Bankey;
			productReference = 03FE22D1299A28FE00AC5AA5 /* Bankey.app */;
			productType = "com.apple.product-type.application";
		};
/* End PBXNativeTarget section */

/* Begin PBXProject section */
		03FE22C9299A28FE00AC5AA5 /* Project object */ = {
			isa = PBXProject;
			attributes = {
				BuildIndependentTargetsInParallel = 1;
				LastSwiftUpdateCheck = 1420;
				LastUpgradeCheck = 1420;
				TargetAttributes = {
					03FE22D0299A28FE00AC5AA5 = {
						CreatedOnToolsVersion = 14.2;
					};
				};
			};
			buildConfigurationList = 03FE22CC299A28FE00AC5AA5 /* Build configuration list for PBXProject "Bankey" */;
			compatibilityVersion = "Xcode 14.0";
			developmentRegion = en;
			hasScannedForEncodings = 0;
			knownRegions = (
				en,
				Base,
			);
			mainGroup = 03FE22C8299A28FE00AC5AA5;
			productRefGroup = 03FE22D2299A28FE00AC5AA5 /* Products */;
			projectDirPath = "";
			projectRoot = "";
			targets = (
				03FE22D0299A28FE00AC5AA5 /* Bankey */,
			);
		};
/* End PBXProject section */

/* Begin PBXResourcesBuildPhase section */
		03FE22CF299A28FE00AC5AA5 /* Resources */ = {
			isa = PBXResourcesBuildPhase;
			buildActionMask = 2147483647;
			files = (
				F97EFAFC29A4DAA600FDB410 /* AccountSummaryHeaderView.xib in Resources */,
				03FE22E1299A28FF00AC5AA5 /* LaunchScreen.storyboard in Resources */,
				03FE22DE299A28FF00AC5AA5 /* Assets.xcassets in Resources */,
			);
			runOnlyForDeploymentPostprocessing = 0;
		};
/* End PBXResourcesBuildPhase section */

/* Begin PBXSourcesBuildPhase section */
		03FE22CD299A28FE00AC5AA5 /* Sources */ = {
			isa = PBXSourcesBuildPhase;
			buildActionMask = 2147483647;
			files = (
				03FE22EC299A2C6100AC5AA5 /* LoginView.swift in Sources */,
				F930C48229A4FF3500AA7D8C /* StringFormatter.swift in Sources */,
				F97EFAF129A4AF3C00FDB410 /* MoreViewController.swift in Sources */,
				F97EFAE929A4AD3300FDB410 /* MainViewController.swift in Sources */,
				03FE22F5299A72FE00AC5AA5 /* OnboardingContainerViewController.swift in Sources */,
				F930C48429A4FFEE00AA7D8C /* DecimalUtil.swift in Sources */,
				F97EFAF329A4AF4700FDB410 /* MoveMoneyViewController.swift in Sources */,
				03FE22D9299A28FE00AC5AA5 /* LoginViewController.swift in Sources */,
				03FE22D5299A28FE00AC5AA5 /* AppDelegate.swift in Sources */,
				F97EFAF729A4D82100FDB410 /* UIView+Utils.swift in Sources */,
				F97EFAF929A4DA7C00FDB410 /* AccountSummaryHeaderView.swift in Sources */,
				F97EFAE729A4AC0200FDB410 /* UIViewController+Utils.swift in Sources */,
				03FE22F7299A742D00AC5AA5 /* OnboardingViewController.swift in Sources */,
				F97EFAFE29A4E49600FDB410 /* AccountSummaryCell.swift in Sources */,
				03FE22F2299A62F300AC5AA5 /* TitleAndSubtitleView.swift in Sources */,
				0310D15A299FAFC6003C9F81 /* UserDefaultsService.swift in Sources */,
				03FE22EF299A2DB200AC5AA5 /* Styled.swift in Sources */,
				F930C47F29A4FA2700AA7D8C /* AccountSummaryCellViewModel.swift in Sources */,
				0310D157299F9D1F003C9F81 /* DummyViewController.swift in Sources */,
				F930C48629A5001F00AA7D8C /* CurrencyFormatter.swift in Sources */,
				F97EFAED29A4AE5200FDB410 /* AccountSummaryViewController.swift in Sources */,
			);
			runOnlyForDeploymentPostprocessing = 0;
		};
/* End PBXSourcesBuildPhase section */

/* Begin PBXVariantGroup section */
		03FE22DF299A28FF00AC5AA5 /* LaunchScreen.storyboard */ = {
			isa = PBXVariantGroup;
			children = (
				03FE22E0299A28FF00AC5AA5 /* Base */,
			);
			name = LaunchScreen.storyboard;
			sourceTree = "<group>";
		};
/* End PBXVariantGroup section */

/* Begin XCBuildConfiguration section */
		03FE22E3299A28FF00AC5AA5 /* Debug */ = {
			isa = XCBuildConfiguration;
			buildSettings = {
				ALWAYS_SEARCH_USER_PATHS = NO;
				CLANG_ANALYZER_NONNULL = YES;
				CLANG_ANALYZER_NUMBER_OBJECT_CONVERSION = YES_AGGRESSIVE;
				CLANG_CXX_LANGUAGE_STANDARD = "gnu++20";
				CLANG_ENABLE_MODULES = YES;
				CLANG_ENABLE_OBJC_ARC = YES;
				CLANG_ENABLE_OBJC_WEAK = YES;
				CLANG_WARN_BLOCK_CAPTURE_AUTORELEASING = YES;
				CLANG_WARN_BOOL_CONVERSION = YES;
				CLANG_WARN_COMMA = YES;
				CLANG_WARN_CONSTANT_CONVERSION = YES;
				CLANG_WARN_DEPRECATED_OBJC_IMPLEMENTATIONS = YES;
				CLANG_WARN_DIRECT_OBJC_ISA_USAGE = YES_ERROR;
				CLANG_WARN_DOCUMENTATION_COMMENTS = YES;
				CLANG_WARN_EMPTY_BODY = YES;
				CLANG_WARN_ENUM_CONVERSION = YES;
				CLANG_WARN_INFINITE_RECURSION = YES;
				CLANG_WARN_INT_CONVERSION = YES;
				CLANG_WARN_NON_LITERAL_NULL_CONVERSION = YES;
				CLANG_WARN_OBJC_IMPLICIT_RETAIN_SELF = YES;
				CLANG_WARN_OBJC_LITERAL_CONVERSION = YES;
				CLANG_WARN_OBJC_ROOT_CLASS = YES_ERROR;
				CLANG_WARN_QUOTED_INCLUDE_IN_FRAMEWORK_HEADER = YES;
				CLANG_WARN_RANGE_LOOP_ANALYSIS = YES;
				CLANG_WARN_STRICT_PROTOTYPES = YES;
				CLANG_WARN_SUSPICIOUS_MOVE = YES;
				CLANG_WARN_UNGUARDED_AVAILABILITY = YES_AGGRESSIVE;
				CLANG_WARN_UNREACHABLE_CODE = YES;
				CLANG_WARN__DUPLICATE_METHOD_MATCH = YES;
				COPY_PHASE_STRIP = NO;
				DEBUG_INFORMATION_FORMAT = dwarf;
				ENABLE_STRICT_OBJC_MSGSEND = YES;
				ENABLE_TESTABILITY = YES;
				GCC_C_LANGUAGE_STANDARD = gnu11;
				GCC_DYNAMIC_NO_PIC = NO;
				GCC_NO_COMMON_BLOCKS = YES;
				GCC_OPTIMIZATION_LEVEL = 0;
				GCC_PREPROCESSOR_DEFINITIONS = (
					"DEBUG=1",
					"$(inherited)",
				);
				GCC_WARN_64_TO_32_BIT_CONVERSION = YES;
				GCC_WARN_ABOUT_RETURN_TYPE = YES_ERROR;
				GCC_WARN_UNDECLARED_SELECTOR = YES;
				GCC_WARN_UNINITIALIZED_AUTOS = YES_AGGRESSIVE;
				GCC_WARN_UNUSED_FUNCTION = YES;
				GCC_WARN_UNUSED_VARIABLE = YES;
				IPHONEOS_DEPLOYMENT_TARGET = 16.2;
				MTL_ENABLE_DEBUG_INFO = INCLUDE_SOURCE;
				MTL_FAST_MATH = YES;
				ONLY_ACTIVE_ARCH = YES;
				SDKROOT = iphoneos;
				SWIFT_ACTIVE_COMPILATION_CONDITIONS = DEBUG;
				SWIFT_OPTIMIZATION_LEVEL = "-Onone";
			};
			name = Debug;
		};
		03FE22E4299A28FF00AC5AA5 /* Release */ = {
			isa = XCBuildConfiguration;
			buildSettings = {
				ALWAYS_SEARCH_USER_PATHS = NO;
				CLANG_ANALYZER_NONNULL = YES;
				CLANG_ANALYZER_NUMBER_OBJECT_CONVERSION = YES_AGGRESSIVE;
				CLANG_CXX_LANGUAGE_STANDARD = "gnu++20";
				CLANG_ENABLE_MODULES = YES;
				CLANG_ENABLE_OBJC_ARC = YES;
				CLANG_ENABLE_OBJC_WEAK = YES;
				CLANG_WARN_BLOCK_CAPTURE_AUTORELEASING = YES;
				CLANG_WARN_BOOL_CONVERSION = YES;
				CLANG_WARN_COMMA = YES;
				CLANG_WARN_CONSTANT_CONVERSION = YES;
				CLANG_WARN_DEPRECATED_OBJC_IMPLEMENTATIONS = YES;
				CLANG_WARN_DIRECT_OBJC_ISA_USAGE = YES_ERROR;
				CLANG_WARN_DOCUMENTATION_COMMENTS = YES;
				CLANG_WARN_EMPTY_BODY = YES;
				CLANG_WARN_ENUM_CONVERSION = YES;
				CLANG_WARN_INFINITE_RECURSION = YES;
				CLANG_WARN_INT_CONVERSION = YES;
				CLANG_WARN_NON_LITERAL_NULL_CONVERSION = YES;
				CLANG_WARN_OBJC_IMPLICIT_RETAIN_SELF = YES;
				CLANG_WARN_OBJC_LITERAL_CONVERSION = YES;
				CLANG_WARN_OBJC_ROOT_CLASS = YES_ERROR;
				CLANG_WARN_QUOTED_INCLUDE_IN_FRAMEWORK_HEADER = YES;
				CLANG_WARN_RANGE_LOOP_ANALYSIS = YES;
				CLANG_WARN_STRICT_PROTOTYPES = YES;
				CLANG_WARN_SUSPICIOUS_MOVE = YES;
				CLANG_WARN_UNGUARDED_AVAILABILITY = YES_AGGRESSIVE;
				CLANG_WARN_UNREACHABLE_CODE = YES;
				CLANG_WARN__DUPLICATE_METHOD_MATCH = YES;
				COPY_PHASE_STRIP = NO;
				DEBUG_INFORMATION_FORMAT = "dwarf-with-dsym";
				ENABLE_NS_ASSERTIONS = NO;
				ENABLE_STRICT_OBJC_MSGSEND = YES;
				GCC_C_LANGUAGE_STANDARD = gnu11;
				GCC_NO_COMMON_BLOCKS = YES;
				GCC_WARN_64_TO_32_BIT_CONVERSION = YES;
				GCC_WARN_ABOUT_RETURN_TYPE = YES_ERROR;
				GCC_WARN_UNDECLARED_SELECTOR = YES;
				GCC_WARN_UNINITIALIZED_AUTOS = YES_AGGRESSIVE;
				GCC_WARN_UNUSED_FUNCTION = YES;
				GCC_WARN_UNUSED_VARIABLE = YES;
				IPHONEOS_DEPLOYMENT_TARGET = 16.2;
				MTL_ENABLE_DEBUG_INFO = NO;
				MTL_FAST_MATH = YES;
				SDKROOT = iphoneos;
				SWIFT_COMPILATION_MODE = wholemodule;
				SWIFT_OPTIMIZATION_LEVEL = "-O";
				VALIDATE_PRODUCT = YES;
			};
			name = Release;
		};
		03FE22E6299A28FF00AC5AA5 /* Debug */ = {
			isa = XCBuildConfiguration;
			buildSettings = {
				ASSETCATALOG_COMPILER_APPICON_NAME = AppIcon;
				ASSETCATALOG_COMPILER_GLOBAL_ACCENT_COLOR_NAME = AccentColor;
				CODE_SIGN_STYLE = Automatic;
				CURRENT_PROJECT_VERSION = 1;
				DEVELOPMENT_TEAM = UC457FQPMT;
				GENERATE_INFOPLIST_FILE = YES;
				INFOPLIST_FILE = Bankey/Info.plist;
				INFOPLIST_KEY_UIApplicationSupportsIndirectInputEvents = YES;
				INFOPLIST_KEY_UILaunchStoryboardName = LaunchScreen;
				INFOPLIST_KEY_UISupportedInterfaceOrientations_iPad = "UIInterfaceOrientationPortrait UIInterfaceOrientationPortraitUpsideDown UIInterfaceOrientationLandscapeLeft UIInterfaceOrientationLandscapeRight";
				INFOPLIST_KEY_UISupportedInterfaceOrientations_iPhone = "UIInterfaceOrientationPortrait UIInterfaceOrientationLandscapeLeft UIInterfaceOrientationLandscapeRight";
				LD_RUNPATH_SEARCH_PATHS = (
					"$(inherited)",
					"@executable_path/Frameworks",
				);
				MARKETING_VERSION = 1.0;
				PRODUCT_BUNDLE_IDENTIFIER = com.Bankey2;
				PRODUCT_NAME = "$(TARGET_NAME)";
				SWIFT_EMIT_LOC_STRINGS = YES;
				SWIFT_VERSION = 5.0;
				TARGETED_DEVICE_FAMILY = "1,2";
			};
			name = Debug;
		};
		03FE22E7299A28FF00AC5AA5 /* Release */ = {
			isa = XCBuildConfiguration;
			buildSettings = {
				ASSETCATALOG_COMPILER_APPICON_NAME = AppIcon;
				ASSETCATALOG_COMPILER_GLOBAL_ACCENT_COLOR_NAME = AccentColor;
				CODE_SIGN_STYLE = Automatic;
				CURRENT_PROJECT_VERSION = 1;
				DEVELOPMENT_TEAM = UC457FQPMT;
				GENERATE_INFOPLIST_FILE = YES;
				INFOPLIST_FILE = Bankey/Info.plist;
				INFOPLIST_KEY_UIApplicationSupportsIndirectInputEvents = YES;
				INFOPLIST_KEY_UILaunchStoryboardName = LaunchScreen;
				INFOPLIST_KEY_UISupportedInterfaceOrientations_iPad = "UIInterfaceOrientationPortrait UIInterfaceOrientationPortraitUpsideDown UIInterfaceOrientationLandscapeLeft UIInterfaceOrientationLandscapeRight";
				INFOPLIST_KEY_UISupportedInterfaceOrientations_iPhone = "UIInterfaceOrientationPortrait UIInterfaceOrientationLandscapeLeft UIInterfaceOrientationLandscapeRight";
				LD_RUNPATH_SEARCH_PATHS = (
					"$(inherited)",
					"@executable_path/Frameworks",
				);
				MARKETING_VERSION = 1.0;
				PRODUCT_BUNDLE_IDENTIFIER = com.Bankey2;
				PRODUCT_NAME = "$(TARGET_NAME)";
				SWIFT_EMIT_LOC_STRINGS = YES;
				SWIFT_VERSION = 5.0;
				TARGETED_DEVICE_FAMILY = "1,2";
			};
			name = Release;
		};
/* End XCBuildConfiguration section */

/* Begin XCConfigurationList section */
		03FE22CC299A28FE00AC5AA5 /* Build configuration list for PBXProject "Bankey" */ = {
			isa = XCConfigurationList;
			buildConfigurations = (
				03FE22E3299A28FF00AC5AA5 /* Debug */,
				03FE22E4299A28FF00AC5AA5 /* Release */,
			);
			defaultConfigurationIsVisible = 0;
			defaultConfigurationName = Release;
		};
		03FE22E5299A28FF00AC5AA5 /* Build configuration list for PBXNativeTarget "Bankey" */ = {
			isa = XCConfigurationList;
			buildConfigurations = (
				03FE22E6299A28FF00AC5AA5 /* Debug */,
				03FE22E7299A28FF00AC5AA5 /* Release */,
			);
			defaultConfigurationIsVisible = 0;
			defaultConfigurationName = Release;
		};
/* End XCConfigurationList section */
	};
	rootObject = 03FE22C9299A28FE00AC5AA5 /* Project object */;
}
